# This file is automatically @generated by Cargo.
# It is not intended for manual editing.
version = 3

[[package]]
name = "fileproc"
version = "0.5.2"
dependencies = [
 "anyhow",
 "chrono",
 "clap",
 "csv",
 "env_logger",
 "hex",
 "libloading",
 "log",
 "regex",
 "reqwest",
 "serde",
 "serde_json",
 "serde_yaml",
 "sha2",
 "thiserror",
 "tokio",
 "url",
]

# ... hundreds of transitive dependency entries omitted for brevity ...
# Key transitive deps: hyper, h2, tower, rustls, ring, openssl-sys (depending on platform)
